// !$*UTF8*$!
{
	archiveVersion = 1;
	classes = {
	};
	objectVersion = 50;
	objects = {

/* Begin PBXBuildFile section */
		6787CEFF25C18AB30021E687 /* UI_112App.swift in Sources */ = {isa = PBXBuildFile; fileRef = 6787CEFE25C18AB30021E687 /* UI_112App.swift */; };
		6787CF0125C18AB30021E687 /* ContentView.swift in Sources */ = {isa = PBXBuildFile; fileRef = 6787CF0025C18AB30021E687 /* ContentView.swift */; };
		6787CF0325C18AB40021E687 /* Assets.xcassets in Resources */ = {isa = PBXBuildFile; fileRef = 6787CF0225C18AB40021E687 /* Assets.xcassets */; };
		6787CF0625C18AB40021E687 /* Preview Assets.xcassets in Resources */ = {isa = PBXBuildFile; fileRef = 6787CF0525C18AB40021E687 /* Preview Assets.xcassets */; };
		6787CF1125C18AB40021E687 /* UI_112Tests.swift in Sources */ = {isa = PBXBuildFile; fileRef = 6787CF1025C18AB40021E687 /* UI_112Tests.swift */; };
		6787CF1C25C18AB40021E687 /* UI_112UITests.swift in Sources */ = {isa = PBXBuildFile; fileRef = 6787CF1B25C18AB40021E687 /* UI_112UITests.swift */; };
		6787CF3125C1A00A0021E687 /* CustomTabView.swift in Sources */ = {isa = PBXBuildFile; fileRef = 6787CF3025C1A00A0021E687 /* CustomTabView.swift */; };
		6787CF3A25C1A2510021E687 /* CustomTabViewModel.swift in Sources */ = {isa = PBXBuildFile; fileRef = 6787CF3925C1A2510021E687 /* CustomTabViewModel.swift */; };
/* End PBXBuildFile section */

/* Begin PBXContainerItemProxy section */
		6787CF0D25C18AB40021E687 /* PBXContainerItemProxy */ = {
			isa = PBXContainerItemProxy;
			containerPortal = 6787CEF325C18AB30021E687 /* Project object */;
			proxyType = 1;
			remoteGlobalIDString = 6787CEFA25C18AB30021E687;
			remoteInfo = "UI-112";
		};
		6787CF1825C18AB40021E687 /* PBXContainerItemProxy */ = {
			isa = PBXContainerItemProxy;
			containerPortal = 6787CEF325C18AB30021E687 /* Project object */;
			proxyType = 1;
			remoteGlobalIDString = 6787CEFA25C18AB30021E687;
			remoteInfo = "UI-112";
		};
/* End PBXContainerItemProxy section */

/* Begin PBXFileReference section */
		6787CEFB25C18AB30021E687 /* UI-112.app */ = {isa = PBXFileReference; explicitFileType = wrapper.application; includeInIndex = 0; path = "UI-112.app"; sourceTree = BUILT_PRODUCTS_DIR; };
		6787CEFE25C18AB30021E687 /* UI_112App.swift */ = {isa = PBXFileReference; lastKnownFileType = sourcecode.swift; path = UI_112App.swift; sourceTree = "<group>"; };
		6787CF0025C18AB30021E687 /* ContentView.swift */ = {isa = PBXFileReference; lastKnownFileType = sourcecode.swift; path = ContentView.swift; sourceTree = "<group>"; };
		6787CF0225C18AB40021E687 /* Assets.xcassets */ = {isa = PBXFileReference; lastKnownFileType = folder.assetcatalog; path = Assets.xcassets; sourceTree = "<group>"; };
		6787CF0525C18AB40021E687 /* Preview Assets.xcassets */ = {isa = PBXFileReference; lastKnownFileType = folder.assetcatalog; path = "Preview Assets.xcassets"; sourceTree = "<group>"; };
		6787CF0725C18AB40021E687 /* Info.plist */ = {isa = PBXFileReference; lastKnownFileType = text.plist.xml; path = Info.plist; sourceTree = "<group>"; };
		6787CF0C25C18AB40021E687 /* UI-112Tests.xctest */ = {isa = PBXFileReference; explicitFileType = wrapper.cfbundle; includeInIndex = 0; path = "UI-112Tests.xctest"; sourceTree = BUILT_PRODUCTS_DIR; };
		6787CF1025C18AB40021E687 /* UI_112Tests.swift */ = {isa = PBXFileReference; lastKnownFileType = sourcecode.swift; path = UI_112Tests.swift; sourceTree = "<group>"; };
		6787CF1225C18AB40021E687 /* Info.plist */ = {isa = PBXFileReference; lastKnownFileType = text.plist.xml; path = Info.plist; sourceTree = "<group>"; };
		6787CF1725C18AB40021E687 /* UI-112UITests.xctest */ = {isa = PBXFileReference; explicitFileType = wrapper.cfbundle; includeInIndex = 0; path = "UI-112UITests.xctest"; sourceTree = BUILT_PRODUCTS_DIR; };
		6787CF1B25C18AB40021E687 /* UI_112UITests.swift */ = {isa = PBXFileReference; lastKnownFileType = sourcecode.swift; path = UI_112UITests.swift; sourceTree = "<group>"; };
		6787CF1D25C18AB40021E687 /* Info.plist */ = {isa = PBXFileReference; lastKnownFileType = text.plist.xml; path = Info.plist; sourceTree = "<group>"; };
		6787CF3025C1A00A0021E687 /* CustomTabView.swift */ = {isa = PBXFileReference; lastKnownFileType = sourcecode.swift; path = CustomTabView.swift; sourceTree = "<group>"; };
		6787CF3925C1A2510021E687 /* CustomTabViewModel.swift */ = {isa = PBXFileReference; lastKnownFileType = sourcecode.swift; path = CustomTabViewModel.swift; sourceTree = "<group>"; };
/* End PBXFileReference section */

/* Begin PBXFrameworksBuildPhase section */
		6787CEF825C18AB30021E687 /* Frameworks */ = {
			isa = PBXFrameworksBuildPhase;
			buildActionMask = 2147483647;
			files = (
			);
			runOnlyForDeploymentPostprocessing = 0;
		};
		6787CF0925C18AB40021E687 /* Frameworks */ = {
			isa = PBXFrameworksBuildPhase;
			buildActionMask = 2147483647;
			files = (
			);
			runOnlyForDeploymentPostprocessing = 0;
		};
		6787CF1425C18AB40021E687 /* Frameworks */ = {
			isa = PBXFrameworksBuildPhase;
			buildActionMask = 2147483647;
			files = (
			);
			runOnlyForDeploymentPostprocessing = 0;
		};
/* End PBXFrameworksBuildPhase section */

/* Begin PBXGroup section */
		6787CEF225C18AB30021E687 = {
			isa = PBXGroup;
			children = (
				6787CEFD25C18AB30021E687 /* UI-112 */,
				6787CF0F25C18AB40021E687 /* UI-112Tests */,
				6787CF1A25C18AB40021E687 /* UI-112UITests */,
				6787CEFC25C18AB30021E687 /* Products */,
			);
			sourceTree = "<group>";
		};
		6787CEFC25C18AB30021E687 /* Products */ = {
			isa = PBXGroup;
			children = (
				6787CEFB25C18AB30021E687 /* UI-112.app */,
				6787CF0C25C18AB40021E687 /* UI-112Tests.xctest */,
				6787CF1725C18AB40021E687 /* UI-112UITests.xctest */,
			);
			name = Products;
			sourceTree = "<group>";
		};
		6787CEFD25C18AB30021E687 /* UI-112 */ = {
			isa = PBXGroup;
			children = (
				6787CF2F25C19FD60021E687 /* View */,
				6787CEFE25C18AB30021E687 /* UI_112App.swift */,
				6787CF0025C18AB30021E687 /* ContentView.swift */,
				6787CF0225C18AB40021E687 /* Assets.xcassets */,
				6787CF0725C18AB40021E687 /* Info.plist */,
				6787CF0425C18AB40021E687 /* Preview Content */,
			);
			path = "UI-112";
			sourceTree = "<group>";
		};
		6787CF0425C18AB40021E687 /* Preview Content */ = {
			isa = PBXGroup;
			children = (
				6787CF0525C18AB40021E687 /* Preview Assets.xcassets */,
			);
			path = "Preview Content";
			sourceTree = "<group>";
		};
		6787CF0F25C18AB40021E687 /* UI-112Tests */ = {
			isa = PBXGroup;
			children = (
				6787CF1025C18AB40021E687 /* UI_112Tests.swift */,
				6787CF1225C18AB40021E687 /* Info.plist */,
			);
			path = "UI-112Tests";
			sourceTree = "<group>";
		};
		6787CF1A25C18AB40021E687 /* UI-112UITests */ = {
			isa = PBXGroup;
			children = (
				6787CF1B25C18AB40021E687 /* UI_112UITests.swift */,
				6787CF1D25C18AB40021E687 /* Info.plist */,
			);
			path = "UI-112UITests";
			sourceTree = "<group>";
		};
		6787CF2F25C19FD60021E687 /* View */ = {
			isa = PBXGroup;
			children = (
				6787CF3025C1A00A0021E687 /* CustomTabView.swift */,
				6787CF3825C1A20F0021E687 /* ViewModel */,
			);
			path = View;
			sourceTree = "<group>";
		};
		6787CF3825C1A20F0021E687 /* ViewModel */ = {
			isa = PBXGroup;
			children = (
				6787CF3925C1A2510021E687 /* CustomTabViewModel.swift */,
			);
			path = ViewModel;
			sourceTree = "<group>";
		};
/* End PBXGroup section */

/* Begin PBXNativeTarget section */
		6787CEFA25C18AB30021E687 /* UI-112 */ = {
			isa = PBXNativeTarget;
			buildConfigurationList = 6787CF2025C18AB40021E687 /* Build configuration list for PBXNativeTarget "UI-112" */;
			buildPhases = (
				6787CEF725C18AB30021E687 /* Sources */,
				6787CEF825C18AB30021E687 /* Frameworks */,
				6787CEF925C18AB30021E687 /* Resources */,
			);
			buildRules = (
			);
			dependencies = (
			);
			name = "UI-112";
			productName = "UI-112";
			productReference = 6787CEFB25C18AB30021E687 /* UI-112.app */;
			productType = "com.apple.product-type.application";
		};
		6787CF0B25C18AB40021E687 /* UI-112Tests */ = {
			isa = PBXNativeTarget;
			buildConfigurationList = 6787CF2325C18AB40021E687 /* Build configuration list for PBXNativeTarget "UI-112Tests" */;
			buildPhases = (
				6787CF0825C18AB40021E687 /* Sources */,
				6787CF0925C18AB40021E687 /* Frameworks */,
				6787CF0A25C18AB40021E687 /* Resources */,
			);
			buildRules = (
			);
			dependencies = (
				6787CF0E25C18AB40021E687 /* PBXTargetDependency */,
			);
			name = "UI-112Tests";
			productName = "UI-112Tests";
			productReference = 6787CF0C25C18AB40021E687 /* UI-112Tests.xctest */;
			productType = "com.apple.product-type.bundle.unit-test";
		};
		6787CF1625C18AB40021E687 /* UI-112UITests */ = {
			isa = PBXNativeTarget;
			buildConfigurationList = 6787CF2625C18AB40021E687 /* Build configuration list for PBXNativeTarget "UI-112UITests" */;
			buildPhases = (
				6787CF1325C18AB40021E687 /* Sources */,
				6787CF1425C18AB40021E687 /* Frameworks */,
				6787CF1525C18AB40021E687 /* Resources */,
			);
			buildRules = (
			);
			dependencies = (
				6787CF1925C18AB40021E687 /* PBXTargetDependency */,
			);
			name = "UI-112UITests";
			productName = "UI-112UITests";
			productReference = 6787CF1725C18AB40021E687 /* UI-112UITests.xctest */;
			productType = "com.apple.product-type.bundle.ui-testing";
		};
/* End PBXNativeTarget section */

/* Begin PBXProject section */
		6787CEF325C18AB30021E687 /* Project object */ = {
			isa = PBXProject;
			attributes = {
				LastSwiftUpdateCheck = 1240;
				LastUpgradeCheck = 1240;
				TargetAttributes = {
					6787CEFA25C18AB30021E687 = {
						CreatedOnToolsVersion = 12.4;
					};
					6787CF0B25C18AB40021E687 = {
						CreatedOnToolsVersion = 12.4;
						TestTargetID = 6787CEFA25C18AB30021E687;
					};
					6787CF1625C18AB40021E687 = {
						CreatedOnToolsVersion = 12.4;
						TestTargetID = 6787CEFA25C18AB30021E687;
					};
				};
			};
			buildConfigurationList = 6787CEF625C18AB30021E687 /* Build configuration list for PBXProject "UI-112" */;
			compatibilityVersion = "Xcode 9.3";
			developmentRegion = en;
			hasScannedForEncodings = 0;
			knownRegions = (
				en,
				Base,
			);
			mainGroup = 6787CEF225C18AB30021E687;
			productRefGroup = 6787CEFC25C18AB30021E687 /* Products */;
			projectDirPath = "";
			projectRoot = "";
			targets = (
				6787CEFA25C18AB30021E687 /* UI-112 */,
				6787CF0B25C18AB40021E687 /* UI-112Tests */,
				6787CF1625C18AB40021E687 /* UI-112UITests */,
			);
		};
/* End PBXProject section */

/* Begin PBXResourcesBuildPhase section */
		6787CEF925C18AB30021E687 /* Resources */ = {
			isa = PBXResourcesBuildPhase;
			buildActionMask = 2147483647;
			files = (
				6787CF0625C18AB40021E687 /* Preview Assets.xcassets in Resources */,
				6787CF0325C18AB40021E687 /* Assets.xcassets in Resources */,
			);
			runOnlyForDeploymentPostprocessing = 0;
		};
		6787CF0A25C18AB40021E687 /* Resources */ = {
			isa = PBXResourcesBuildPhase;
			buildActionMask = 2147483647;
			files = (
			);
			runOnlyForDeploymentPostprocessing = 0;
		};
		6787CF1525C18AB40021E687 /* Resources */ = {
			isa = PBXResourcesBuildPhase;
			buildActionMask = 2147483647;
			files = (
			);
			runOnlyForDeploymentPostprocessing = 0;
		};
/* End PBXResourcesBuildPhase section */

/* Begin PBXSourcesBuildPhase section */
		6787CEF725C18AB30021E687 /* Sources */ = {
			isa = PBXSourcesBuildPhase;
			buildActionMask = 2147483647;
			files = (
				6787CF3125C1A00A0021E687 /* CustomTabView.swift in Sources */,
				6787CF3A25C1A2510021E687 /* CustomTabViewModel.swift in Sources */,
				6787CF0125C18AB30021E687 /* ContentView.swift in Sources */,
				6787CEFF25C18AB30021E687 /* UI_112App.swift in Sources */,
			);
			runOnlyForDeploymentPostprocessing = 0;
		};
		6787CF0825C18AB40021E687 /* Sources */ = {
			isa = PBXSourcesBuildPhase;
			buildActionMask = 2147483647;
			files = (
				6787CF1125C18AB40021E687 /* UI_112Tests.swift in Sources */,
			);
			runOnlyForDeploymentPostprocessing = 0;
		};
		6787CF1325C18AB40021E687 /* Sources */ = {
			isa = PBXSourcesBuildPhase;
			buildActionMask = 2147483647;
			files = (
				6787CF1C25C18AB40021E687 /* UI_112UITests.swift in Sources */,
			);
			runOnlyForDeploymentPostprocessing = 0;
		};
/* End PBXSourcesBuildPhase section */

/* Begin PBXTargetDependency section */
		6787CF0E25C18AB40021E687 /* PBXTargetDependency */ = {
			isa = PBXTargetDependency;
			target = 6787CEFA25C18AB30021E687 /* UI-112 */;
			targetProxy = 6787CF0D25C18AB40021E687 /* PBXContainerItemProxy */;
		};
		6787CF1925C18AB40021E687 /* PBXTargetDependency */ = {
			isa = PBXTargetDependency;
			target = 6787CEFA25C18AB30021E687 /* UI-112 */;
			targetProxy = 6787CF1825C18AB40021E687 /* PBXContainerItemProxy */;
		};
/* End PBXTargetDependency section */

/* Begin XCBuildConfiguration section */
		6787CF1E25C18AB40021E687 /* Debug */ = {
			isa = XCBuildConfiguration;
			buildSettings = {
				ALWAYS_SEARCH_USER_PATHS = NO;
				CLANG_ANALYZER_NONNULL = YES;
				CLANG_ANALYZER_NUMBER_OBJECT_CONVERSION = YES_AGGRESSIVE;
				CLANG_CXX_LANGUAGE_STANDARD = "gnu++14";
				CLANG_CXX_LIBRARY = "libc++";
				CLANG_ENABLE_MODULES = YES;
				CLANG_ENABLE_OBJC_ARC = YES;
				CLANG_ENABLE_OBJC_WEAK = YES;
				CLANG_WARN_BLOCK_CAPTURE_AUTORELEASING = YES;
				CLANG_WARN_BOOL_CONVERSION = YES;
				CLANG_WARN_COMMA = YES;
				CLANG_WARN_CONSTANT_CONVERSION = YES;
				CLANG_WARN_DEPRECATED_OBJC_IMPLEMENTATIONS = YES;
				CLANG_WARN_DIRECT_OBJC_ISA_USAGE = YES_ERROR;
				CLANG_WARN_DOCUMENTATION_COMMENTS = YES;
				CLANG_WARN_EMPTY_BODY = YES;
				CLANG_WARN_ENUM_CONVERSION = YES;
				CLANG_WARN_INFINITE_RECURSION = YES;
				CLANG_WARN_INT_CONVERSION = YES;
				CLANG_WARN_NON_LITERAL_NULL_CONVERSION = YES;
				CLANG_WARN_OBJC_IMPLICIT_RETAIN_SELF = YES;
				CLANG_WARN_OBJC_LITERAL_CONVERSION = YES;
				CLANG_WARN_OBJC_ROOT_CLASS = YES_ERROR;
				CLANG_WARN_QUOTED_INCLUDE_IN_FRAMEWORK_HEADER = YES;
				CLANG_WARN_RANGE_LOOP_ANALYSIS = YES;
				CLANG_WARN_STRICT_PROTOTYPES = YES;
				CLANG_WARN_SUSPICIOUS_MOVE = YES;
				CLANG_WARN_UNGUARDED_AVAILABILITY = YES_AGGRESSIVE;
				CLANG_WARN_UNREACHABLE_CODE = YES;
				CLANG_WARN__DUPLICATE_METHOD_MATCH = YES;
				COPY_PHASE_STRIP = NO;
				DEBUG_INFORMATION_FORMAT = dwarf;
				ENABLE_STRICT_OBJC_MSGSEND = YES;
				ENABLE_TESTABILITY = YES;
				GCC_C_LANGUAGE_STANDARD = gnu11;
				GCC_DYNAMIC_NO_PIC = NO;
				GCC_NO_COMMON_BLOCKS = YES;
				GCC_OPTIMIZATION_LEVEL = 0;
				GCC_PREPROCESSOR_DEFINITIONS = (
					"DEBUG=1",
					"$(inherited)",
				);
				GCC_WARN_64_TO_32_BIT_CONVERSION = YES;
				GCC_WARN_ABOUT_RETURN_TYPE = YES_ERROR;
				GCC_WARN_UNDECLARED_SELECTOR = YES;
				GCC_WARN_UNINITIALIZED_AUTOS = YES_AGGRESSIVE;
				GCC_WARN_UNUSED_FUNCTION = YES;
				GCC_WARN_UNUSED_VARIABLE = YES;
				IPHONEOS_DEPLOYMENT_TARGET = 14.4;
				MTL_ENABLE_DEBUG_INFO = INCLUDE_SOURCE;
				MTL_FAST_MATH = YES;
				ONLY_ACTIVE_ARCH = YES;
				SDKROOT = iphoneos;
				SWIFT_ACTIVE_COMPILATION_CONDITIONS = DEBUG;
				SWIFT_OPTIMIZATION_LEVEL = "-Onone";
			};
			name = Debug;
		};
		6787CF1F25C18AB40021E687 /* Release */ = {
			isa = XCBuildConfiguration;
			buildSettings = {
				ALWAYS_SEARCH_USER_PATHS = NO;
				CLANG_ANALYZER_NONNULL = YES;
				CLANG_ANALYZER_NUMBER_OBJECT_CONVERSION = YES_AGGRESSIVE;
				CLANG_CXX_LANGUAGE_STANDARD = "gnu++14";
				CLANG_CXX_LIBRARY = "libc++";
				CLANG_ENABLE_MODULES = YES;
				CLANG_ENABLE_OBJC_ARC = YES;
				CLANG_ENABLE_OBJC_WEAK = YES;
				CLANG_WARN_BLOCK_CAPTURE_AUTORELEASING = YES;
				CLANG_WARN_BOOL_CONVERSION = YES;
				CLANG_WARN_COMMA = YES;
				CLANG_WARN_CONSTANT_CONVERSION = YES;
				CLANG_WARN_DEPRECATED_OBJC_IMPLEMENTATIONS = YES;
				CLANG_WARN_DIRECT_OBJC_ISA_USAGE = YES_ERROR;
				CLANG_WARN_DOCUMENTATION_COMMENTS = YES;
				CLANG_WARN_EMPTY_BODY = YES;
				CLANG_WARN_ENUM_CONVERSION = YES;
				CLANG_WARN_INFINITE_RECURSION = YES;
				CLANG_WARN_INT_CONVERSION = YES;
				CLANG_WARN_NON_LITERAL_NULL_CONVERSION = YES;
				CLANG_WARN_OBJC_IMPLICIT_RETAIN_SELF = YES;
				CLANG_WARN_OBJC_LITERAL_CONVERSION = YES;
				CLANG_WARN_OBJC_ROOT_CLASS = YES_ERROR;
				CLANG_WARN_QUOTED_INCLUDE_IN_FRAMEWORK_HEADER = YES;
				CLANG_WARN_RANGE_LOOP_ANALYSIS = YES;
				CLANG_WARN_STRICT_PROTOTYPES = YES;
				CLANG_WARN_SUSPICIOUS_MOVE = YES;
				CLANG_WARN_UNGUARDED_AVAILABILITY = YES_AGGRESSIVE;
				CLANG_WARN_UNREACHABLE_CODE = YES;
				CLANG_WARN__DUPLICATE_METHOD_MATCH = YES;
				COPY_PHASE_STRIP = NO;
				DEBUG_INFORMATION_FORMAT = "dwarf-with-dsym";
				ENABLE_NS_ASSERTIONS = NO;
				ENABLE_STRICT_OBJC_MSGSEND = YES;
				GCC_C_LANGUAGE_STANDARD = gnu11;
				GCC_NO_COMMON_BLOCKS = YES;
				GCC_WARN_64_TO_32_BIT_CONVERSION = YES;
				GCC_WARN_ABOUT_RETURN_TYPE = YES_ERROR;
				GCC_WARN_UNDECLARED_SELECTOR = YES;
				GCC_WARN_UNINITIALIZED_AUTOS = YES_AGGRESSIVE;
				GCC_WARN_UNUSED_FUNCTION = YES;
				GCC_WARN_UNUSED_VARIABLE = YES;
				IPHONEOS_DEPLOYMENT_TARGET = 14.4;
				MTL_ENABLE_DEBUG_INFO = NO;
				MTL_FAST_MATH = YES;
				SDKROOT = iphoneos;
				SWIFT_COMPILATION_MODE = wholemodule;
				SWIFT_OPTIMIZATION_LEVEL = "-O";
				VALIDATE_PRODUCT = YES;
			};
			name = Release;
		};
		6787CF2125C18AB40021E687 /* Debug */ = {
			isa = XCBuildConfiguration;
			buildSettings = {
				ASSETCATALOG_COMPILER_APPICON_NAME = AppIcon;
				ASSETCATALOG_COMPILER_GLOBAL_ACCENT_COLOR_NAME = AccentColor;
				CODE_SIGN_STYLE = Automatic;
				DEVELOPMENT_ASSET_PATHS = "\"UI-112/Preview Content\"";
				ENABLE_PREVIEWS = YES;
				INFOPLIST_FILE = "UI-112/Info.plist";
				IPHONEOS_DEPLOYMENT_TARGET = 14.0;
				LD_RUNPATH_SEARCH_PATHS = (
					"$(inherited)",
					"@executable_path/Frameworks",
				);
				PRODUCT_BUNDLE_IDENTIFIER = "com.uzu.UI-112";
				PRODUCT_NAME = "$(TARGET_NAME)";
				SWIFT_VERSION = 5.0;
				TARGETED_DEVICE_FAMILY = "1,2";
			};
			name = Debug;
		};
		6787CF2225C18AB40021E687 /* Release */ = {
			isa = XCBuildConfiguration;
			buildSettings = {
				ASSETCATALOG_COMPILER_APPICON_NAME = AppIcon;
				ASSETCATALOG_COMPILER_GLOBAL_ACCENT_COLOR_NAME = AccentColor;
				CODE_SIGN_STYLE = Automatic;
				DEVELOPMENT_ASSET_PATHS = "\"UI-112/Preview Content\"";
				ENABLE_PREVIEWS = YES;
				INFOPLIST_FILE = "UI-112/Info.plist";
				IPHONEOS_DEPLOYMENT_TARGET = 14.0;
				LD_RUNPATH_SEARCH_PATHS = (
					"$(inherited)",
					"@executable_path/Frameworks",
				);
				PRODUCT_BUNDLE_IDENTIFIER = "com.uzu.UI-112";
				PRODUCT_NAME = "$(TARGET_NAME)";
				SWIFT_VERSION = 5.0;
				TARGETED_DEVICE_FAMILY = "1,2";
			};
			name = Release;
		};
		6787CF2425C18AB40021E687 /* Debug */ = {
			isa = XCBuildConfiguration;
			buildSettings = {
				ALWAYS_EMBED_SWIFT_STANDARD_LIBRARIES = YES;
				BUNDLE_LOADER = "$(TEST_HOST)";
				CODE_SIGN_STYLE = Automatic;
				INFOPLIST_FILE = "UI-112Tests/Info.plist";
				IPHONEOS_DEPLOYMENT_TARGET = 14.0;
				LD_RUNPATH_SEARCH_PATHS = (
					"$(inherited)",
					"@executable_path/Frameworks",
					"@loader_path/Frameworks",
				);
				PRODUCT_BUNDLE_IDENTIFIER = "com.uzu.UI-112Tests";
				PRODUCT_NAME = "$(TARGET_NAME)";
				SWIFT_VERSION = 5.0;
				TARGETED_DEVICE_FAMILY = "1,2";
				TEST_HOST = "$(BUILT_PRODUCTS_DIR)/UI-112.app/UI-112";
			};
			name = Debug;
		};
		6787CF2525C18AB40021E687 /* Release */ = {
			isa = XCBuildConfiguration;
			buildSettings = {
				ALWAYS_EMBED_SWIFT_STANDARD_LIBRARIES = YES;
				BUNDLE_LOADER = "$(TEST_HOST)";
				CODE_SIGN_STYLE = Automatic;
				INFOPLIST_FILE = "UI-112Tests/Info.plist";
				IPHONEOS_DEPLOYMENT_TARGET = 14.0;
				LD_RUNPATH_SEARCH_PATHS = (
					"$(inherited)",
					"@executable_path/Frameworks",
					"@loader_path/Frameworks",
				);
				PRODUCT_BUNDLE_IDENTIFIER = "com.uzu.UI-112Tests";
				PRODUCT_NAME = "$(TARGET_NAME)";
				SWIFT_VERSION = 5.0;
				TARGETED_DEVICE_FAMILY = "1,2";
				TEST_HOST = "$(BUILT_PRODUCTS_DIR)/UI-112.app/UI-112";
			};
			name = Release;
		};
		6787CF2725C18AB40021E687 /* Debug */ = {
			isa = XCBuildConfiguration;
			buildSettings = {
				ALWAYS_EMBED_SWIFT_STANDARD_LIBRARIES = YES;
				CODE_SIGN_STYLE = Automatic;
				INFOPLIST_FILE = "UI-112UITests/Info.plist";
				LD_RUNPATH_SEARCH_PATHS = (
					"$(inherited)",
					"@executable_path/Frameworks",
					"@loader_path/Frameworks",
				);
				PRODUCT_BUNDLE_IDENTIFIER = "com.uzu.UI-112UITests";
				PRODUCT_NAME = "$(TARGET_NAME)";
				SWIFT_VERSION = 5.0;
				TARGETED_DEVICE_FAMILY = "1,2";
				TEST_TARGET_NAME = "UI-112";
			};
			name = Debug;
		};
		6787CF2825C18AB40021E687 /* Release */ = {
			isa = XCBuildConfiguration;
			buildSettings = {
				ALWAYS_EMBED_SWIFT_STANDARD_LIBRARIES = YES;
				CODE_SIGN_STYLE = Automatic;
				INFOPLIST_FILE = "UI-112UITests/Info.plist";
				LD_RUNPATH_SEARCH_PATHS = (
					"$(inherited)",
					"@executable_path/Frameworks",
					"@loader_path/Frameworks",
				);
				PRODUCT_BUNDLE_IDENTIFIER = "com.uzu.UI-112UITests";
				PRODUCT_NAME = "$(TARGET_NAME)";
				SWIFT_VERSION = 5.0;
				TARGETED_DEVICE_FAMILY = "1,2";
				TEST_TARGET_NAME = "UI-112";
			};
			name = Release;
		};
/* End XCBuildConfiguration section */

/* Begin XCConfigurationList section */
		6787CEF625C18AB30021E687 /* Build configuration list for PBXProject "UI-112" */ = {
			isa = XCConfigurationList;
			buildConfigurations = (
				6787CF1E25C18AB40021E687 /* Debug */,
				6787CF1F25C18AB40021E687 /* Release */,
			);
			defaultConfigurationIsVisible = 0;
			defaultConfigurationName = Release;
		};
		6787CF2025C18AB40021E687 /* Build configuration list for PBXNativeTarget "UI-112" */ = {
			isa = XCConfigurationList;
			buildConfigurations = (
				6787CF2125C18AB40021E687 /* Debug */,
				6787CF2225C18AB40021E687 /* Release */,
			);
			defaultConfigurationIsVisible = 0;
			defaultConfigurationName = Release;
		};
		6787CF2325C18AB40021E687 /* Build configuration list for PBXNativeTarget "UI-112Tests" */ = {
			isa = XCConfigurationList;
			buildConfigurations = (
				6787CF2425C18AB40021E687 /* Debug */,
				6787CF2525C18AB40021E687 /* Release */,
			);
			defaultConfigurationIsVisible = 0;
			defaultConfigurationName = Release;
		};
		6787CF2625C18AB40021E687 /* Build configuration list for PBXNativeTarget "UI-112UITests" */ = {
			isa = XCConfigurationList;
			buildConfigurations = (
				6787CF2725C18AB40021E687 /* Debug */,
				6787CF2825C18AB40021E687 /* Release */,
			);
			defaultConfigurationIsVisible = 0;
			defaultConfigurationName = Release;
		};
/* End XCConfigurationList section */
	};
	rootObject = 6787CEF325C18AB30021E687 /* Project object */;
}
